
Microsoft Visual Studio Solution File, Format Version 12.00
# Visual Studio Version 16
VisualStudioVersion = 16.0.30104.148
MinimumVisualStudioVersion = 10.0.40219.1
Project("{FAE04EC0-301F-11D3-BF4B-00C04F79EFBC}") = "project", "project\project.csproj", "{0B2E16B9-D8D4-4AA2-AFEC-3FEA2B9B5AE9}"
EndProject
Global
	GlobalSection(SolutionConfigurationPlatforms) = preSolution
		Debug|Any CPU = Debug|Any CPU
		Release|Any CPU = Release|Any CPU
	EndGlobalSection
	GlobalSection(ProjectConfigurationPlatforms) = postSolution
		{0B2E16B9-D8D4-4AA2-AFEC-3FEA2B9B5AE9}.Debug|Any CPU.ActiveCfg = Debug|Any CPU
		{0B2E16B9-D8D4-4AA2-AFEC-3FEA2B9B5AE9}.Debug|Any CPU.Build.0 = Debug|Any CPU
		{0B2E16B9-D8D4-4AA2-AFEC-3FEA2B9B5AE9}.Release|Any CPU.ActiveCfg = Release|Any CPU
		{0B2E16B9-D8D4-4AA2-AFEC-3FEA2B9B5AE9}.Release|Any CPU.Build.0 = Release|Any CPU
	EndGlobalSection
	GlobalSection(SolutionProperties) = preSolution
		HideSolutionNode = FALSE
	EndGlobalSection
	GlobalSection(ExtensibilityGlobals) = postSolution
		SolutionGuid = {87F15C16-A333-4E58-99A5-AB35B4997463}
	EndGlobalSection
EndGlobal
